// !$*UTF8*$!
{
	archiveVersion = 1;
	classes = {
	};
	objectVersion = 46;
	objects = {

/* Begin PBXBuildFile section */
		1E0FCC101E22799F00A355E5 /* masuiViewController.swift in Sources */ = {isa = PBXBuildFile; fileRef = 1E0FCC0F1E22799F00A355E5 /* masuiViewController.swift */; };
		1E1CA4231E13A90000231338 /* opeRecordViewController.swift in Sources */ = {isa = PBXBuildFile; fileRef = 1E1CA4221E13A90000231338 /* opeRecordViewController.swift */; };
		1E1CA4251E15402C00231338 /* checkUpViewController.swift in Sources */ = {isa = PBXBuildFile; fileRef = 1E1CA4241E15402C00231338 /* checkUpViewController.swift */; };
		1E1EF5FB1E06548D00765F87 /* Model.xcdatamodeld in Sources */ = {isa = PBXBuildFile; fileRef = 1E1EF5F91E06548D00765F87 /* Model.xcdatamodeld */; };
		1E1EF5FE1E065C7700765F87 /* Model+CoreDataClass.swift in Sources */ = {isa = PBXBuildFile; fileRef = 1E1EF5FC1E065C7700765F87 /* Model+CoreDataClass.swift */; };
		1E1EF5FF1E065C7700765F87 /* Model+CoreDataProperties.swift in Sources */ = {isa = PBXBuildFile; fileRef = 1E1EF5FD1E065C7700765F87 /* Model+CoreDataProperties.swift */; };
		1E9B4DAA1E4FF7EF00C726F5 /* youtube.jpg in Resources */ = {isa = PBXBuildFile; fileRef = 1E9B4DA81E4FF7EF00C726F5 /* youtube.jpg */; };
		1E9B4DAC1E50115400C726F5 /* AfterOpeViewController.swift in Sources */ = {isa = PBXBuildFile; fileRef = 1E9B4DAB1E50115400C726F5 /* AfterOpeViewController.swift */; };
		1ECD05D61E0F5C2B003501BB /* TableViewController.swift in Sources */ = {isa = PBXBuildFile; fileRef = 1ECD05D51E0F5C2B003501BB /* TableViewController.swift */; };
		1ECD05D81E0F5D4F003501BB /* InputViewController.swift in Sources */ = {isa = PBXBuildFile; fileRef = 1ECD05D71E0F5D4F003501BB /* InputViewController.swift */; };
		1ECD05DF1E0F9C7B003501BB /* CustomCell.swift in Sources */ = {isa = PBXBuildFile; fileRef = 1ECD05DD1E0F9C7B003501BB /* CustomCell.swift */; };
		1ECD05E01E0F9C7B003501BB /* CustomCell.xib in Resources */ = {isa = PBXBuildFile; fileRef = 1ECD05DE1E0F9C7B003501BB /* CustomCell.xib */; };
		1ECD05E21E109D53003501BB /* KarteViewController.swift in Sources */ = {isa = PBXBuildFile; fileRef = 1ECD05E11E109D53003501BB /* KarteViewController.swift */; };
		1EEA4E161DE17DF4000D1EDB /* AppDelegate.swift in Sources */ = {isa = PBXBuildFile; fileRef = 1EEA4E151DE17DF4000D1EDB /* AppDelegate.swift */; };
		1EEA4E181DE17DF4000D1EDB /* ViewController.swift in Sources */ = {isa = PBXBuildFile; fileRef = 1EEA4E171DE17DF4000D1EDB /* ViewController.swift */; };
		1EEA4E1B1DE17DF4000D1EDB /* Main.storyboard in Resources */ = {isa = PBXBuildFile; fileRef = 1EEA4E191DE17DF4000D1EDB /* Main.storyboard */; };
		1EEA4E1D1DE17DF4000D1EDB /* Assets.xcassets in Resources */ = {isa = PBXBuildFile; fileRef = 1EEA4E1C1DE17DF4000D1EDB /* Assets.xcassets */; };
		1EEA4E201DE17DF4000D1EDB /* LaunchScreen.storyboard in Resources */ = {isa = PBXBuildFile; fileRef = 1EEA4E1E1DE17DF4000D1EDB /* LaunchScreen.storyboard */; };
		1EEA4E2B1DE17DF4000D1EDB /* operekoTests.swift in Sources */ = {isa = PBXBuildFile; fileRef = 1EEA4E2A1DE17DF4000D1EDB /* operekoTests.swift */; };
		1EEA4E361DE17DF4000D1EDB /* operekoUITests.swift in Sources */ = {isa = PBXBuildFile; fileRef = 1EEA4E351DE17DF4000D1EDB /* operekoUITests.swift */; };
		2D3167D653FFC5D5718F16D5 /* Pods_operekoTests.framework in Frameworks */ = {isa = PBXBuildFile; fileRef = 04B65B0CDEA4C4D77D82816A /* Pods_operekoTests.framework */; };
		924F010712E1AAB34FD68660 /* Pods_opereko.framework in Frameworks */ = {isa = PBXBuildFile; fileRef = C0C573F4E57534BEE36D26C0 /* Pods_opereko.framework */; };
		BE9CD4E91E3DC32600C68D77 /* UserData.swift in Sources */ = {isa = PBXBuildFile; fileRef = BE9CD4E81E3DC32600C68D77 /* UserData.swift */; };
		D6FAB4265ED555482037A395 /* Pods_operekoUITests.framework in Frameworks */ = {isa = PBXBuildFile; fileRef = E632E68CEF95F91A9237D5BC /* Pods_operekoUITests.framework */; };
/* End PBXBuildFile section */

/* Begin PBXContainerItemProxy section */
		1EEA4E271DE17DF4000D1EDB /* PBXContainerItemProxy */ = {
			isa = PBXContainerItemProxy;
			containerPortal = 1EEA4E0A1DE17DF4000D1EDB /* Project object */;
			proxyType = 1;
			remoteGlobalIDString = 1EEA4E111DE17DF4000D1EDB;
			remoteInfo = opereko;
		};
		1EEA4E321DE17DF4000D1EDB /* PBXContainerItemProxy */ = {
			isa = PBXContainerItemProxy;
			containerPortal = 1EEA4E0A1DE17DF4000D1EDB /* Project object */;
			proxyType = 1;
			remoteGlobalIDString = 1EEA4E111DE17DF4000D1EDB;
			remoteInfo = opereko;
		};
/* End PBXContainerItemProxy section */

/* Begin PBXFileReference section */
		04B65B0CDEA4C4D77D82816A /* Pods_operekoTests.framework */ = {isa = PBXFileReference; explicitFileType = wrapper.framework; includeInIndex = 0; path = Pods_operekoTests.framework; sourceTree = BUILT_PRODUCTS_DIR; };
		0E63A20BBD8DE3840B95ED80 /* Pods-operekoTests.release.xcconfig */ = {isa = PBXFileReference; includeInIndex = 1; lastKnownFileType = text.xcconfig; name = "Pods-operekoTests.release.xcconfig"; path = "Pods/Target Support Files/Pods-operekoTests/Pods-operekoTests.release.xcconfig"; sourceTree = "<group>"; };
		1B1F6C7474A133F4BD1B4A87 /* Pods-operekoTests.debug.xcconfig */ = {isa = PBXFileReference; includeInIndex = 1; lastKnownFileType = text.xcconfig; name = "Pods-operekoTests.debug.xcconfig"; path = "Pods/Target Support Files/Pods-operekoTests/Pods-operekoTests.debug.xcconfig"; sourceTree = "<group>"; };
		1E0FCC0F1E22799F00A355E5 /* masuiViewController.swift */ = {isa = PBXFileReference; fileEncoding = 4; lastKnownFileType = sourcecode.swift; path = masuiViewController.swift; sourceTree = "<group>"; };
		1E1CA4221E13A90000231338 /* opeRecordViewController.swift */ = {isa = PBXFileReference; fileEncoding = 4; lastKnownFileType = sourcecode.swift; path = opeRecordViewController.swift; sourceTree = "<group>"; };
		1E1CA4241E15402C00231338 /* checkUpViewController.swift */ = {isa = PBXFileReference; fileEncoding = 4; lastKnownFileType = sourcecode.swift; path = checkUpViewController.swift; sourceTree = "<group>"; };
		1E1EF5FA1E06548D00765F87 /* Model.xcdatamodel */ = {isa = PBXFileReference; lastKnownFileType = wrapper.xcdatamodel; path = Model.xcdatamodel; sourceTree = "<group>"; };
		1E1EF5FC1E065C7700765F87 /* Model+CoreDataClass.swift */ = {isa = PBXFileReference; fileEncoding = 4; lastKnownFileType = sourcecode.swift; path = "Model+CoreDataClass.swift"; sourceTree = "<group>"; };
		1E1EF5FD1E065C7700765F87 /* Model+CoreDataProperties.swift */ = {isa = PBXFileReference; fileEncoding = 4; lastKnownFileType = sourcecode.swift; path = "Model+CoreDataProperties.swift"; sourceTree = "<group>"; };
		1E9B4DA81E4FF7EF00C726F5 /* youtube.jpg */ = {isa = PBXFileReference; lastKnownFileType = image.jpeg; path = youtube.jpg; sourceTree = "<group>"; };
		1E9B4DAB1E50115400C726F5 /* AfterOpeViewController.swift */ = {isa = PBXFileReference; fileEncoding = 4; lastKnownFileType = sourcecode.swift; name = AfterOpeViewController.swift; path = ../AfterOpeViewController.swift; sourceTree = "<group>"; };
		1ECD05D51E0F5C2B003501BB /* TableViewController.swift */ = {isa = PBXFileReference; fileEncoding = 4; lastKnownFileType = sourcecode.swift; path = TableViewController.swift; sourceTree = "<group>"; };
		1ECD05D71E0F5D4F003501BB /* InputViewController.swift */ = {isa = PBXFileReference; fileEncoding = 4; indentWidth = 3; lastKnownFileType = sourcecode.swift; path = InputViewController.swift; sourceTree = "<group>"; };
		1ECD05DD1E0F9C7B003501BB /* CustomCell.swift */ = {isa = PBXFileReference; fileEncoding = 4; lastKnownFileType = sourcecode.swift; path = CustomCell.swift; sourceTree = "<group>"; };
		1ECD05DE1E0F9C7B003501BB /* CustomCell.xib */ = {isa = PBXFileReference; fileEncoding = 4; lastKnownFileType = file.xib; path = CustomCell.xib; sourceTree = "<group>"; };
		1ECD05E11E109D53003501BB /* KarteViewController.swift */ = {isa = PBXFileReference; fileEncoding = 4; indentWidth = 3; lastKnownFileType = sourcecode.swift; path = KarteViewController.swift; sourceTree = "<group>"; };
		1EEA4E121DE17DF4000D1EDB /* opereko.app */ = {isa = PBXFileReference; explicitFileType = wrapper.application; includeInIndex = 0; path = opereko.app; sourceTree = BUILT_PRODUCTS_DIR; };
		1EEA4E151DE17DF4000D1EDB /* AppDelegate.swift */ = {isa = PBXFileReference; lastKnownFileType = sourcecode.swift; path = AppDelegate.swift; sourceTree = "<group>"; };
		1EEA4E171DE17DF4000D1EDB /* ViewController.swift */ = {isa = PBXFileReference; lastKnownFileType = sourcecode.swift; path = ViewController.swift; sourceTree = "<group>"; };
		1EEA4E1A1DE17DF4000D1EDB /* Base */ = {isa = PBXFileReference; lastKnownFileType = file.storyboard; name = Base; path = Base.lproj/Main.storyboard; sourceTree = "<group>"; };
		1EEA4E1C1DE17DF4000D1EDB /* Assets.xcassets */ = {isa = PBXFileReference; lastKnownFileType = folder.assetcatalog; path = Assets.xcassets; sourceTree = "<group>"; };
		1EEA4E1F1DE17DF4000D1EDB /* Base */ = {isa = PBXFileReference; lastKnownFileType = file.storyboard; name = Base; path = Base.lproj/LaunchScreen.storyboard; sourceTree = "<group>"; };
		1EEA4E211DE17DF4000D1EDB /* Info.plist */ = {isa = PBXFileReference; lastKnownFileType = text.plist.xml; path = Info.plist; sourceTree = "<group>"; };
		1EEA4E261DE17DF4000D1EDB /* operekoTests.xctest */ = {isa = PBXFileReference; explicitFileType = wrapper.cfbundle; includeInIndex = 0; path = operekoTests.xctest; sourceTree = BUILT_PRODUCTS_DIR; };
		1EEA4E2A1DE17DF4000D1EDB /* operekoTests.swift */ = {isa = PBXFileReference; lastKnownFileType = sourcecode.swift; path = operekoTests.swift; sourceTree = "<group>"; };
		1EEA4E2C1DE17DF4000D1EDB /* Info.plist */ = {isa = PBXFileReference; lastKnownFileType = text.plist.xml; path = Info.plist; sourceTree = "<group>"; };
		1EEA4E311DE17DF4000D1EDB /* operekoUITests.xctest */ = {isa = PBXFileReference; explicitFileType = wrapper.cfbundle; includeInIndex = 0; path = operekoUITests.xctest; sourceTree = BUILT_PRODUCTS_DIR; };
		1EEA4E351DE17DF4000D1EDB /* operekoUITests.swift */ = {isa = PBXFileReference; lastKnownFileType = sourcecode.swift; path = operekoUITests.swift; sourceTree = "<group>"; };
		1EEA4E371DE17DF4000D1EDB /* Info.plist */ = {isa = PBXFileReference; lastKnownFileType = text.plist.xml; path = Info.plist; sourceTree = "<group>"; };
		4BDE0436DD3857FEBCE95C01 /* Pods-opereko.debug.xcconfig */ = {isa = PBXFileReference; includeInIndex = 1; lastKnownFileType = text.xcconfig; name = "Pods-opereko.debug.xcconfig"; path = "Pods/Target Support Files/Pods-opereko/Pods-opereko.debug.xcconfig"; sourceTree = "<group>"; };
		6FB7BE8601D637B4EC672BD4 /* Pods-operekoUITests.release.xcconfig */ = {isa = PBXFileReference; includeInIndex = 1; lastKnownFileType = text.xcconfig; name = "Pods-operekoUITests.release.xcconfig"; path = "Pods/Target Support Files/Pods-operekoUITests/Pods-operekoUITests.release.xcconfig"; sourceTree = "<group>"; };
		7E3B9C3FF23B93F65A47413F /* Pods-opereko.release.xcconfig */ = {isa = PBXFileReference; includeInIndex = 1; lastKnownFileType = text.xcconfig; name = "Pods-opereko.release.xcconfig"; path = "Pods/Target Support Files/Pods-opereko/Pods-opereko.release.xcconfig"; sourceTree = "<group>"; };
		BE9CD4E81E3DC32600C68D77 /* UserData.swift */ = {isa = PBXFileReference; fileEncoding = 4; lastKnownFileType = sourcecode.swift; path = UserData.swift; sourceTree = "<group>"; };
		C0C573F4E57534BEE36D26C0 /* Pods_opereko.framework */ = {isa = PBXFileReference; explicitFileType = wrapper.framework; includeInIndex = 0; path = Pods_opereko.framework; sourceTree = BUILT_PRODUCTS_DIR; };
		D28C7B53C85E6D2AE68E749A /* Pods-operekoUITests.debug.xcconfig */ = {isa = PBXFileReference; includeInIndex = 1; lastKnownFileType = text.xcconfig; name = "Pods-operekoUITests.debug.xcconfig"; path = "Pods/Target Support Files/Pods-operekoUITests/Pods-operekoUITests.debug.xcconfig"; sourceTree = "<group>"; };
		E632E68CEF95F91A9237D5BC /* Pods_operekoUITests.framework */ = {isa = PBXFileReference; explicitFileType = wrapper.framework; includeInIndex = 0; path = Pods_operekoUITests.framework; sourceTree = BUILT_PRODUCTS_DIR; };
/* End PBXFileReference section */

/* Begin PBXFrameworksBuildPhase section */
		1EEA4E0F1DE17DF4000D1EDB /* Frameworks */ = {
			isa = PBXFrameworksBuildPhase;
			buildActionMask = 2147483647;
			files = (
				924F010712E1AAB34FD68660 /* Pods_opereko.framework in Frameworks */,
			);
			runOnlyForDeploymentPostprocessing = 0;
		};
		1EEA4E231DE17DF4000D1EDB /* Frameworks */ = {
			isa = PBXFrameworksBuildPhase;
			buildActionMask = 2147483647;
			files = (
				2D3167D653FFC5D5718F16D5 /* Pods_operekoTests.framework in Frameworks */,
			);
			runOnlyForDeploymentPostprocessing = 0;
		};
		1EEA4E2E1DE17DF4000D1EDB /* Frameworks */ = {
			isa = PBXFrameworksBuildPhase;
			buildActionMask = 2147483647;
			files = (
				D6FAB4265ED555482037A395 /* Pods_operekoUITests.framework in Frameworks */,
			);
			runOnlyForDeploymentPostprocessing = 0;
		};
/* End PBXFrameworksBuildPhase section */

/* Begin PBXGroup section */
		1EEA4E091DE17DF4000D1EDB = {
			isa = PBXGroup;
			children = (
				1EEA4E141DE17DF4000D1EDB /* opereko */,
				1EEA4E291DE17DF4000D1EDB /* operekoTests */,
				1EEA4E341DE17DF4000D1EDB /* operekoUITests */,
				1EEA4E131DE17DF4000D1EDB /* Products */,
				5FDEB9119A67AA5F18CDBB11 /* Pods */,
				A8A320BEC20506058B03AD37 /* Frameworks */,
			);
			sourceTree = "<group>";
		};
		1EEA4E131DE17DF4000D1EDB /* Products */ = {
			isa = PBXGroup;
			children = (
				1EEA4E121DE17DF4000D1EDB /* opereko.app */,
				1EEA4E261DE17DF4000D1EDB /* operekoTests.xctest */,
				1EEA4E311DE17DF4000D1EDB /* operekoUITests.xctest */,
			);
			name = Products;
			sourceTree = "<group>";
		};
		1EEA4E141DE17DF4000D1EDB /* opereko */ = {
			isa = PBXGroup;
			children = (
				BE9CD4E71E3DC30B00C68D77 /* Realm */,
				BE9CD4E61E3DC30300C68D77 /* ViewController */,
				1ECD05DD1E0F9C7B003501BB /* CustomCell.swift */,
				1ECD05DE1E0F9C7B003501BB /* CustomCell.xib */,
				1E1EF5FC1E065C7700765F87 /* Model+CoreDataClass.swift */,
				1E1EF5FD1E065C7700765F87 /* Model+CoreDataProperties.swift */,
				1EEA4E151DE17DF4000D1EDB /* AppDelegate.swift */,
				1EEA4E171DE17DF4000D1EDB /* ViewController.swift */,
				1EEA4E191DE17DF4000D1EDB /* Main.storyboard */,
				1ECD05D51E0F5C2B003501BB /* TableViewController.swift */,
				1ECD05E11E109D53003501BB /* KarteViewController.swift */,
				1ECD05D71E0F5D4F003501BB /* InputViewController.swift */,
				1E1CA4221E13A90000231338 /* opeRecordViewController.swift */,
				1E1CA4241E15402C00231338 /* checkUpViewController.swift */,
				1E0FCC0F1E22799F00A355E5 /* masuiViewController.swift */,
				1E9B4DAB1E50115400C726F5 /* AfterOpeViewController.swift */,
				1EEA4E1C1DE17DF4000D1EDB /* Assets.xcassets */,
				1EEA4E1E1DE17DF4000D1EDB /* LaunchScreen.storyboard */,
				1EEA4E211DE17DF4000D1EDB /* Info.plist */,
				1E1EF5F91E06548D00765F87 /* Model.xcdatamodeld */,
			);
			path = opereko;
			sourceTree = "<group>";
		};
		1EEA4E291DE17DF4000D1EDB /* operekoTests */ = {
			isa = PBXGroup;
			children = (
				1EEA4E2A1DE17DF4000D1EDB /* operekoTests.swift */,
				1EEA4E2C1DE17DF4000D1EDB /* Info.plist */,
			);
			path = operekoTests;
			sourceTree = "<group>";
		};
		1EEA4E341DE17DF4000D1EDB /* operekoUITests */ = {
			isa = PBXGroup;
			children = (
				1EEA4E351DE17DF4000D1EDB /* operekoUITests.swift */,
				1EEA4E371DE17DF4000D1EDB /* Info.plist */,
			);
			path = operekoUITests;
			sourceTree = "<group>";
		};
		5FDEB9119A67AA5F18CDBB11 /* Pods */ = {
			isa = PBXGroup;
			children = (
				4BDE0436DD3857FEBCE95C01 /* Pods-opereko.debug.xcconfig */,
				7E3B9C3FF23B93F65A47413F /* Pods-opereko.release.xcconfig */,
				1B1F6C7474A133F4BD1B4A87 /* Pods-operekoTests.debug.xcconfig */,
				0E63A20BBD8DE3840B95ED80 /* Pods-operekoTests.release.xcconfig */,
				D28C7B53C85E6D2AE68E749A /* Pods-operekoUITests.debug.xcconfig */,
				6FB7BE8601D637B4EC672BD4 /* Pods-operekoUITests.release.xcconfig */,
			);
			name = Pods;
			sourceTree = "<group>";
		};
		A8A320BEC20506058B03AD37 /* Frameworks */ = {
			isa = PBXGroup;
			children = (
				C0C573F4E57534BEE36D26C0 /* Pods_opereko.framework */,
				04B65B0CDEA4C4D77D82816A /* Pods_operekoTests.framework */,
				E632E68CEF95F91A9237D5BC /* Pods_operekoUITests.framework */,
			);
			name = Frameworks;
			sourceTree = "<group>";
		};
		BE9CD4E61E3DC30300C68D77 /* ViewController */ = {
			isa = PBXGroup;
			children = (
				1E9B4DA81E4FF7EF00C726F5 /* youtube.jpg */,
			);
			name = ViewController;
			sourceTree = "<group>";
		};
		BE9CD4E71E3DC30B00C68D77 /* Realm */ = {
			isa = PBXGroup;
			children = (
				BE9CD4E81E3DC32600C68D77 /* UserData.swift */,
			);
			name = Realm;
			sourceTree = "<group>";
		};
/* End PBXGroup section */

/* Begin PBXNativeTarget section */
		1EEA4E111DE17DF4000D1EDB /* opereko */ = {
			isa = PBXNativeTarget;
			buildConfigurationList = 1EEA4E3A1DE17DF4000D1EDB /* Build configuration list for PBXNativeTarget "opereko" */;
			buildPhases = (
				A5ED336F841BAC594B87F27A /* [CP] Check Pods Manifest.lock */,
				1EEA4E0E1DE17DF4000D1EDB /* Sources */,
				1EEA4E0F1DE17DF4000D1EDB /* Frameworks */,
				1EEA4E101DE17DF4000D1EDB /* Resources */,
				685F3D9E2CCB69D551DDDF01 /* [CP] Embed Pods Frameworks */,
				DD48F51875F150A0BEA77680 /* [CP] Copy Pods Resources */,
			);
			buildRules = (
			);
			dependencies = (
			);
			name = opereko;
			productName = opereko;
			productReference = 1EEA4E121DE17DF4000D1EDB /* opereko.app */;
			productType = "com.apple.product-type.application";
		};
		1EEA4E251DE17DF4000D1EDB /* operekoTests */ = {
			isa = PBXNativeTarget;
			buildConfigurationList = 1EEA4E3D1DE17DF4000D1EDB /* Build configuration list for PBXNativeTarget "operekoTests" */;
			buildPhases = (
				FA841CD875851CD3BFD373B1 /* [CP] Check Pods Manifest.lock */,
				1EEA4E221DE17DF4000D1EDB /* Sources */,
				1EEA4E231DE17DF4000D1EDB /* Frameworks */,
				1EEA4E241DE17DF4000D1EDB /* Resources */,
				6FB2D9ABA7F486BFF832F230 /* [CP] Embed Pods Frameworks */,
				619613D70C9F3FA416F52D19 /* [CP] Copy Pods Resources */,
			);
			buildRules = (
			);
			dependencies = (
				1EEA4E281DE17DF4000D1EDB /* PBXTargetDependency */,
			);
			name = operekoTests;
			productName = operekoTests;
			productReference = 1EEA4E261DE17DF4000D1EDB /* operekoTests.xctest */;
			productType = "com.apple.product-type.bundle.unit-test";
		};
		1EEA4E301DE17DF4000D1EDB /* operekoUITests */ = {
			isa = PBXNativeTarget;
			buildConfigurationList = 1EEA4E401DE17DF4000D1EDB /* Build configuration list for PBXNativeTarget "operekoUITests" */;
			buildPhases = (
				6518CBEEF8E7C17289A13C8D /* [CP] Check Pods Manifest.lock */,
				1EEA4E2D1DE17DF4000D1EDB /* Sources */,
				1EEA4E2E1DE17DF4000D1EDB /* Frameworks */,
				1EEA4E2F1DE17DF4000D1EDB /* Resources */,
				27A768B960AA34C6A0B24413 /* [CP] Embed Pods Frameworks */,
				CD11F39B0E5C93A75909158E /* [CP] Copy Pods Resources */,
			);
			buildRules = (
			);
			dependencies = (
				1EEA4E331DE17DF4000D1EDB /* PBXTargetDependency */,
			);
			name = operekoUITests;
			productName = operekoUITests;
			productReference = 1EEA4E311DE17DF4000D1EDB /* operekoUITests.xctest */;
			productType = "com.apple.product-type.bundle.ui-testing";
		};
/* End PBXNativeTarget section */

/* Begin PBXProject section */
		1EEA4E0A1DE17DF4000D1EDB /* Project object */ = {
			isa = PBXProject;
			attributes = {
				LastSwiftUpdateCheck = 0800;
				LastUpgradeCheck = 0800;
				ORGANIZATIONNAME = "原 あゆみ";
				TargetAttributes = {
					1EEA4E111DE17DF4000D1EDB = {
						CreatedOnToolsVersion = 8.0;
						DevelopmentTeam = 66M7BL3A9M;
						ProvisioningStyle = Automatic;
					};
					1EEA4E251DE17DF4000D1EDB = {
						CreatedOnToolsVersion = 8.0;
						ProvisioningStyle = Automatic;
						TestTargetID = 1EEA4E111DE17DF4000D1EDB;
					};
					1EEA4E301DE17DF4000D1EDB = {
						CreatedOnToolsVersion = 8.0;
						ProvisioningStyle = Automatic;
						TestTargetID = 1EEA4E111DE17DF4000D1EDB;
					};
				};
			};
			buildConfigurationList = 1EEA4E0D1DE17DF4000D1EDB /* Build configuration list for PBXProject "opereko" */;
			compatibilityVersion = "Xcode 3.2";
			developmentRegion = English;
			hasScannedForEncodings = 0;
			knownRegions = (
				en,
				Base,
			);
			mainGroup = 1EEA4E091DE17DF4000D1EDB;
			productRefGroup = 1EEA4E131DE17DF4000D1EDB /* Products */;
			projectDirPath = "";
			projectRoot = "";
			targets = (
				1EEA4E111DE17DF4000D1EDB /* opereko */,
				1EEA4E251DE17DF4000D1EDB /* operekoTests */,
				1EEA4E301DE17DF4000D1EDB /* operekoUITests */,
			);
		};
/* End PBXProject section */

/* Begin PBXResourcesBuildPhase section */
		1EEA4E101DE17DF4000D1EDB /* Resources */ = {
			isa = PBXResourcesBuildPhase;
			buildActionMask = 2147483647;
			files = (
				1EEA4E201DE17DF4000D1EDB /* LaunchScreen.storyboard in Resources */,
				1EEA4E1D1DE17DF4000D1EDB /* Assets.xcassets in Resources */,
				1ECD05E01E0F9C7B003501BB /* CustomCell.xib in Resources */,
				1EEA4E1B1DE17DF4000D1EDB /* Main.storyboard in Resources */,
				1E9B4DAA1E4FF7EF00C726F5 /* youtube.jpg in Resources */,
			);
			runOnlyForDeploymentPostprocessing = 0;
		};
		1EEA4E241DE17DF4000D1EDB /* Resources */ = {
			isa = PBXResourcesBuildPhase;
			buildActionMask = 2147483647;
			files = (
			);
			runOnlyForDeploymentPostprocessing = 0;
		};
		1EEA4E2F1DE17DF4000D1EDB /* Resources */ = {
			isa = PBXResourcesBuildPhase;
			buildActionMask = 2147483647;
			files = (
			);
			runOnlyForDeploymentPostprocessing = 0;
		};
/* End PBXResourcesBuildPhase section */

/* Begin PBXShellScriptBuildPhase section */
		27A768B960AA34C6A0B24413 /* [CP] Embed Pods Frameworks */ = {
			isa = PBXShellScriptBuildPhase;
			buildActionMask = 2147483647;
			files = (
			);
			inputPaths = (
			);
			name = "[CP] Embed Pods Frameworks";
			outputPaths = (
			);
			runOnlyForDeploymentPostprocessing = 0;
			shellPath = /bin/sh;
			shellScript = "\"${SRCROOT}/Pods/Target Support Files/Pods-operekoUITests/Pods-operekoUITests-frameworks.sh\"\n";
			showEnvVarsInLog = 0;
		};
		619613D70C9F3FA416F52D19 /* [CP] Copy Pods Resources */ = {
			isa = PBXShellScriptBuildPhase;
			buildActionMask = 2147483647;
			files = (
			);
			inputPaths = (
			);
			name = "[CP] Copy Pods Resources";
			outputPaths = (
			);
			runOnlyForDeploymentPostprocessing = 0;
			shellPath = /bin/sh;
			shellScript = "\"${SRCROOT}/Pods/Target Support Files/Pods-operekoTests/Pods-operekoTests-resources.sh\"\n";
			showEnvVarsInLog = 0;
		};
		6518CBEEF8E7C17289A13C8D /* [CP] Check Pods Manifest.lock */ = {
			isa = PBXShellScriptBuildPhase;
			buildActionMask = 2147483647;
			files = (
			);
			inputPaths = (
			);
			name = "[CP] Check Pods Manifest.lock";
			outputPaths = (
			);
			runOnlyForDeploymentPostprocessing = 0;
			shellPath = /bin/sh;
			shellScript = "diff \"${PODS_ROOT}/../Podfile.lock\" \"${PODS_ROOT}/Manifest.lock\" > /dev/null\nif [ $? != 0 ] ; then\n    # print error to STDERR\n    echo \"error: The sandbox is not in sync with the Podfile.lock. Run 'pod install' or update your CocoaPods installation.\" >&2\n    exit 1\nfi\n";
			showEnvVarsInLog = 0;
		};
		685F3D9E2CCB69D551DDDF01 /* [CP] Embed Pods Frameworks */ = {
			isa = PBXShellScriptBuildPhase;
			buildActionMask = 2147483647;
			files = (
			);
			inputPaths = (
			);
			name = "[CP] Embed Pods Frameworks";
			outputPaths = (
			);
			runOnlyForDeploymentPostprocessing = 0;
			shellPath = /bin/sh;
			shellScript = "\"${SRCROOT}/Pods/Target Support Files/Pods-opereko/Pods-opereko-frameworks.sh\"\n";
			showEnvVarsInLog = 0;
		};
		6FB2D9ABA7F486BFF832F230 /* [CP] Embed Pods Frameworks */ = {
			isa = PBXShellScriptBuildPhase;
			buildActionMask = 2147483647;
			files = (
			);
			inputPaths = (
			);
			name = "[CP] Embed Pods Frameworks";
			outputPaths = (
			);
			runOnlyForDeploymentPostprocessing = 0;
			shellPath = /bin/sh;
			shellScript = "\"${SRCROOT}/Pods/Target Support Files/Pods-operekoTests/Pods-operekoTests-frameworks.sh\"\n";
			showEnvVarsInLog = 0;
		};
		A5ED336F841BAC594B87F27A /* [CP] Check Pods Manifest.lock */ = {
			isa = PBXShellScriptBuildPhase;
			buildActionMask = 2147483647;
			files = (
			);
			inputPaths = (
			);
			name = "[CP] Check Pods Manifest.lock";
			outputPaths = (
			);
			runOnlyForDeploymentPostprocessing = 0;
			shellPath = /bin/sh;
			shellScript = "diff \"${PODS_ROOT}/../Podfile.lock\" \"${PODS_ROOT}/Manifest.lock\" > /dev/null\nif [ $? != 0 ] ; then\n    # print error to STDERR\n    echo \"error: The sandbox is not in sync with the Podfile.lock. Run 'pod install' or update your CocoaPods installation.\" >&2\n    exit 1\nfi\n";
			showEnvVarsInLog = 0;
		};
		CD11F39B0E5C93A75909158E /* [CP] Copy Pods Resources */ = {
			isa = PBXShellScriptBuildPhase;
			buildActionMask = 2147483647;
			files = (
			);
			inputPaths = (
			);
			name = "[CP] Copy Pods Resources";
			outputPaths = (
			);
			runOnlyForDeploymentPostprocessing = 0;
			shellPath = /bin/sh;
			shellScript = "\"${SRCROOT}/Pods/Target Support Files/Pods-operekoUITests/Pods-operekoUITests-resources.sh\"\n";
			showEnvVarsInLog = 0;
		};
		DD48F51875F150A0BEA77680 /* [CP] Copy Pods Resources */ = {
			isa = PBXShellScriptBuildPhase;
			buildActionMask = 2147483647;
			files = (
			);
			inputPaths = (
			);
			name = "[CP] Copy Pods Resources";
			outputPaths = (
			);
			runOnlyForDeploymentPostprocessing = 0;
			shellPath = /bin/sh;
			shellScript = "\"${SRCROOT}/Pods/Target Support Files/Pods-opereko/Pods-opereko-resources.sh\"\n";
			showEnvVarsInLog = 0;
		};
		FA841CD875851CD3BFD373B1 /* [CP] Check Pods Manifest.lock */ = {
			isa = PBXShellScriptBuildPhase;
			buildActionMask = 2147483647;
			files = (
			);
			inputPaths = (
			);
			name = "[CP] Check Pods Manifest.lock";
			outputPaths = (
			);
			runOnlyForDeploymentPostprocessing = 0;
			shellPath = /bin/sh;
			shellScript = "diff \"${PODS_ROOT}/../Podfile.lock\" \"${PODS_ROOT}/Manifest.lock\" > /dev/null\nif [ $? != 0 ] ; then\n    # print error to STDERR\n    echo \"error: The sandbox is not in sync with the Podfile.lock. Run 'pod install' or update your CocoaPods installation.\" >&2\n    exit 1\nfi\n";
			showEnvVarsInLog = 0;
		};
/* End PBXShellScriptBuildPhase section */

/* Begin PBXSourcesBuildPhase section */
		1EEA4E0E1DE17DF4000D1EDB /* Sources */ = {
			isa = PBXSourcesBuildPhase;
			buildActionMask = 2147483647;
			files = (
				1E1CA4251E15402C00231338 /* checkUpViewController.swift in Sources */,
				1EEA4E181DE17DF4000D1EDB /* ViewController.swift in Sources */,
				BE9CD4E91E3DC32600C68D77 /* UserData.swift in Sources */,
				1ECD05D61E0F5C2B003501BB /* TableViewController.swift in Sources */,
				1E1EF5FE1E065C7700765F87 /* Model+CoreDataClass.swift in Sources */,
				1ECD05D81E0F5D4F003501BB /* InputViewController.swift in Sources */,
				1E9B4DAC1E50115400C726F5 /* AfterOpeViewController.swift in Sources */,
				1ECD05DF1E0F9C7B003501BB /* CustomCell.swift in Sources */,
				1EEA4E161DE17DF4000D1EDB /* AppDelegate.swift in Sources */,
				1E1EF5FF1E065C7700765F87 /* Model+CoreDataProperties.swift in Sources */,
				1ECD05E21E109D53003501BB /* KarteViewController.swift in Sources */,
				1E1EF5FB1E06548D00765F87 /* Model.xcdatamodeld in Sources */,
				1E1CA4231E13A90000231338 /* opeRecordViewController.swift in Sources */,
				1E0FCC101E22799F00A355E5 /* masuiViewController.swift in Sources */,
			);
			runOnlyForDeploymentPostprocessing = 0;
		};
		1EEA4E221DE17DF4000D1EDB /* Sources */ = {
			isa = PBXSourcesBuildPhase;
			buildActionMask = 2147483647;
			files = (
				1EEA4E2B1DE17DF4000D1EDB /* operekoTests.swift in Sources */,
			);
			runOnlyForDeploymentPostprocessing = 0;
		};
		1EEA4E2D1DE17DF4000D1EDB /* Sources */ = {
			isa = PBXSourcesBuildPhase;
			buildActionMask = 2147483647;
			files = (
				1EEA4E361DE17DF4000D1EDB /* operekoUITests.swift in Sources */,
			);
			runOnlyForDeploymentPostprocessing = 0;
		};
/* End PBXSourcesBuildPhase section */

/* Begin PBXTargetDependency section */
		1EEA4E281DE17DF4000D1EDB /* PBXTargetDependency */ = {
			isa = PBXTargetDependency;
			target = 1EEA4E111DE17DF4000D1EDB /* opereko */;
			targetProxy = 1EEA4E271DE17DF4000D1EDB /* PBXContainerItemProxy */;
		};
		1EEA4E331DE17DF4000D1EDB /* PBXTargetDependency */ = {
			isa = PBXTargetDependency;
			target = 1EEA4E111DE17DF4000D1EDB /* opereko */;
			targetProxy = 1EEA4E321DE17DF4000D1EDB /* PBXContainerItemProxy */;
		};
/* End PBXTargetDependency section */

/* Begin PBXVariantGroup section */
		1EEA4E191DE17DF4000D1EDB /* Main.storyboard */ = {
			isa = PBXVariantGroup;
			children = (
				1EEA4E1A1DE17DF4000D1EDB /* Base */,
			);
			name = Main.storyboard;
			sourceTree = "<group>";
		};
		1EEA4E1E1DE17DF4000D1EDB /* LaunchScreen.storyboard */ = {
			isa = PBXVariantGroup;
			children = (
				1EEA4E1F1DE17DF4000D1EDB /* Base */,
			);
			name = LaunchScreen.storyboard;
			sourceTree = "<group>";
		};
/* End PBXVariantGroup section */

/* Begin XCBuildConfiguration section */
		1EEA4E381DE17DF4000D1EDB /* Debug */ = {
			isa = XCBuildConfiguration;
			buildSettings = {
				ALWAYS_SEARCH_USER_PATHS = NO;
				CLANG_ANALYZER_NONNULL = YES;
				CLANG_CXX_LANGUAGE_STANDARD = "gnu++0x";
				CLANG_CXX_LIBRARY = "libc++";
				CLANG_ENABLE_MODULES = YES;
				CLANG_ENABLE_OBJC_ARC = YES;
				CLANG_WARN_BOOL_CONVERSION = YES;
				CLANG_WARN_CONSTANT_CONVERSION = YES;
				CLANG_WARN_DIRECT_OBJC_ISA_USAGE = YES_ERROR;
				CLANG_WARN_DOCUMENTATION_COMMENTS = YES;
				CLANG_WARN_EMPTY_BODY = YES;
				CLANG_WARN_ENUM_CONVERSION = YES;
				CLANG_WARN_INFINITE_RECURSION = YES;
				CLANG_WARN_INT_CONVERSION = YES;
				CLANG_WARN_OBJC_ROOT_CLASS = YES_ERROR;
				CLANG_WARN_SUSPICIOUS_MOVES = YES;
				CLANG_WARN_UNREACHABLE_CODE = YES;
				CLANG_WARN__DUPLICATE_METHOD_MATCH = YES;
				"CODE_SIGN_IDENTITY[sdk=iphoneos*]" = "iPhone Developer";
				COPY_PHASE_STRIP = NO;
				DEBUG_INFORMATION_FORMAT = dwarf;
				ENABLE_STRICT_OBJC_MSGSEND = YES;
				ENABLE_TESTABILITY = YES;
				GCC_C_LANGUAGE_STANDARD = gnu99;
				GCC_DYNAMIC_NO_PIC = NO;
				GCC_NO_COMMON_BLOCKS = YES;
				GCC_OPTIMIZATION_LEVEL = 0;
				GCC_PREPROCESSOR_DEFINITIONS = (
					"DEBUG=1",
					"$(inherited)",
				);
				GCC_WARN_64_TO_32_BIT_CONVERSION = YES;
				GCC_WARN_ABOUT_RETURN_TYPE = YES_ERROR;
				GCC_WARN_UNDECLARED_SELECTOR = YES;
				GCC_WARN_UNINITIALIZED_AUTOS = YES_AGGRESSIVE;
				GCC_WARN_UNUSED_FUNCTION = YES;
				GCC_WARN_UNUSED_VARIABLE = YES;
				IPHONEOS_DEPLOYMENT_TARGET = 10.0;
				MTL_ENABLE_DEBUG_INFO = YES;
				ONLY_ACTIVE_ARCH = YES;
				SDKROOT = iphoneos;
				SWIFT_ACTIVE_COMPILATION_CONDITIONS = DEBUG;
				SWIFT_OPTIMIZATION_LEVEL = "-Onone";
			};
			name = Debug;
		};
		1EEA4E391DE17DF4000D1EDB /* Release */ = {
			isa = XCBuildConfiguration;
			buildSettings = {
				ALWAYS_SEARCH_USER_PATHS = NO;
				CLANG_ANALYZER_NONNULL = YES;
				CLANG_CXX_LANGUAGE_STANDARD = "gnu++0x";
				CLANG_CXX_LIBRARY = "libc++";
				CLANG_ENABLE_MODULES = YES;
				CLANG_ENABLE_OBJC_ARC = YES;
				CLANG_WARN_BOOL_CONVERSION = YES;
				CLANG_WARN_CONSTANT_CONVERSION = YES;
				CLANG_WARN_DIRECT_OBJC_ISA_USAGE = YES_ERROR;
				CLANG_WARN_DOCUMENTATION_COMMENTS = YES;
				CLANG_WARN_EMPTY_BODY = YES;
				CLANG_WARN_ENUM_CONVERSION = YES;
				CLANG_WARN_INFINITE_RECURSION = YES;
				CLANG_WARN_INT_CONVERSION = YES;
				CLANG_WARN_OBJC_ROOT_CLASS = YES_ERROR;
				CLANG_WARN_SUSPICIOUS_MOVES = YES;
				CLANG_WARN_UNREACHABLE_CODE = YES;
				CLANG_WARN__DUPLICATE_METHOD_MATCH = YES;
				"CODE_SIGN_IDENTITY[sdk=iphoneos*]" = "iPhone Developer";
				COPY_PHASE_STRIP = NO;
				DEBUG_INFORMATION_FORMAT = "dwarf-with-dsym";
				ENABLE_NS_ASSERTIONS = NO;
				ENABLE_STRICT_OBJC_MSGSEND = YES;
				GCC_C_LANGUAGE_STANDARD = gnu99;
				GCC_NO_COMMON_BLOCKS = YES;
				GCC_WARN_64_TO_32_BIT_CONVERSION = YES;
				GCC_WARN_ABOUT_RETURN_TYPE = YES_ERROR;
				GCC_WARN_UNDECLARED_SELECTOR = YES;
				GCC_WARN_UNINITIALIZED_AUTOS = YES_AGGRESSIVE;
				GCC_WARN_UNUSED_FUNCTION = YES;
				GCC_WARN_UNUSED_VARIABLE = YES;
				IPHONEOS_DEPLOYMENT_TARGET = 10.0;
				MTL_ENABLE_DEBUG_INFO = NO;
				SDKROOT = iphoneos;
				SWIFT_OPTIMIZATION_LEVEL = "-Owholemodule";
				VALIDATE_PRODUCT = YES;
			};
			name = Release;
		};
		1EEA4E3B1DE17DF4000D1EDB /* Debug */ = {
			isa = XCBuildConfiguration;
			baseConfigurationReference = 4BDE0436DD3857FEBCE95C01 /* Pods-opereko.debug.xcconfig */;
			buildSettings = {
				ASSETCATALOG_COMPILER_APPICON_NAME = AppIcon;
				DEVELOPMENT_TEAM = 66M7BL3A9M;
				INFOPLIST_FILE = opereko/Info.plist;
				LD_RUNPATH_SEARCH_PATHS = "$(inherited) @executable_path/Frameworks";
				PRODUCT_BUNDLE_IDENTIFIER = com.litech.opereko;
				PRODUCT_NAME = "$(TARGET_NAME)";
				SWIFT_VERSION = 3.0;
			};
			name = Debug;
		};
		1EEA4E3C1DE17DF4000D1EDB /* Release */ = {
			isa = XCBuildConfiguration;
			baseConfigurationReference = 7E3B9C3FF23B93F65A47413F /* Pods-opereko.release.xcconfig */;
			buildSettings = {
				ASSETCATALOG_COMPILER_APPICON_NAME = AppIcon;
				DEVELOPMENT_TEAM = 66M7BL3A9M;
				INFOPLIST_FILE = opereko/Info.plist;
				LD_RUNPATH_SEARCH_PATHS = "$(inherited) @executable_path/Frameworks";
				PRODUCT_BUNDLE_IDENTIFIER = com.litech.opereko;
				PRODUCT_NAME = "$(TARGET_NAME)";
				SWIFT_VERSION = 3.0;
			};
			name = Release;
		};
		1EEA4E3E1DE17DF4000D1EDB /* Debug */ = {
			isa = XCBuildConfiguration;
			baseConfigurationReference = 1B1F6C7474A133F4BD1B4A87 /* Pods-operekoTests.debug.xcconfig */;
			buildSettings = {
				ALWAYS_EMBED_SWIFT_STANDARD_LIBRARIES = YES;
				BUNDLE_LOADER = "$(TEST_HOST)";
				INFOPLIST_FILE = operekoTests/Info.plist;
				LD_RUNPATH_SEARCH_PATHS = "$(inherited) @executable_path/Frameworks @loader_path/Frameworks";
				PRODUCT_BUNDLE_IDENTIFIER = com.litech.operekoTests;
				PRODUCT_NAME = "$(TARGET_NAME)";
				SWIFT_VERSION = 3.0;
				TEST_HOST = "$(BUILT_PRODUCTS_DIR)/opereko.app/opereko";
			};
			name = Debug;
		};
		1EEA4E3F1DE17DF4000D1EDB /* Release */ = {
			isa = XCBuildConfiguration;
			baseConfigurationReference = 0E63A20BBD8DE3840B95ED80 /* Pods-operekoTests.release.xcconfig */;
			buildSettings = {
				ALWAYS_EMBED_SWIFT_STANDARD_LIBRARIES = YES;
				BUNDLE_LOADER = "$(TEST_HOST)";
				INFOPLIST_FILE = operekoTests/Info.plist;
				LD_RUNPATH_SEARCH_PATHS = "$(inherited) @executable_path/Frameworks @loader_path/Frameworks";
				PRODUCT_BUNDLE_IDENTIFIER = com.litech.operekoTests;
				PRODUCT_NAME = "$(TARGET_NAME)";
				SWIFT_VERSION = 3.0;
				TEST_HOST = "$(BUILT_PRODUCTS_DIR)/opereko.app/opereko";
			};
			name = Release;
		};
		1EEA4E411DE17DF4000D1EDB /* Debug */ = {
			isa = XCBuildConfiguration;
			baseConfigurationReference = D28C7B53C85E6D2AE68E749A /* Pods-operekoUITests.debug.xcconfig */;
			buildSettings = {
				ALWAYS_EMBED_SWIFT_STANDARD_LIBRARIES = YES;
				INFOPLIST_FILE = operekoUITests/Info.plist;
				LD_RUNPATH_SEARCH_PATHS = "$(inherited) @executable_path/Frameworks @loader_path/Frameworks";
				PRODUCT_BUNDLE_IDENTIFIER = com.litech.operekoUITests;
				PRODUCT_NAME = "$(TARGET_NAME)";
				SWIFT_VERSION = 3.0;
				TEST_TARGET_NAME = opereko;
			};
			name = Debug;
		};
		1EEA4E421DE17DF4000D1EDB /* Release */ = {
			isa = XCBuildConfiguration;
			baseConfigurationReference = 6FB7BE8601D637B4EC672BD4 /* Pods-operekoUITests.release.xcconfig */;
			buildSettings = {
				ALWAYS_EMBED_SWIFT_STANDARD_LIBRARIES = YES;
				INFOPLIST_FILE = operekoUITests/Info.plist;
				LD_RUNPATH_SEARCH_PATHS = "$(inherited) @executable_path/Frameworks @loader_path/Frameworks";
				PRODUCT_BUNDLE_IDENTIFIER = com.litech.operekoUITests;
				PRODUCT_NAME = "$(TARGET_NAME)";
				SWIFT_VERSION = 3.0;
				TEST_TARGET_NAME = opereko;
			};
			name = Release;
		};
/* End XCBuildConfiguration section */

/* Begin XCConfigurationList section */
		1EEA4E0D1DE17DF4000D1EDB /* Build configuration list for PBXProject "opereko" */ = {
			isa = XCConfigurationList;
			buildConfigurations = (
				1EEA4E381DE17DF4000D1EDB /* Debug */,
				1EEA4E391DE17DF4000D1EDB /* Release */,
			);
			defaultConfigurationIsVisible = 0;
			defaultConfigurationName = Release;
		};
		1EEA4E3A1DE17DF4000D1EDB /* Build configuration list for PBXNativeTarget "opereko" */ = {
			isa = XCConfigurationList;
			buildConfigurations = (
				1EEA4E3B1DE17DF4000D1EDB /* Debug */,
				1EEA4E3C1DE17DF4000D1EDB /* Release */,
			);
			defaultConfigurationIsVisible = 0;
			defaultConfigurationName = Release;
		};
		1EEA4E3D1DE17DF4000D1EDB /* Build configuration list for PBXNativeTarget "operekoTests" */ = {
			isa = XCConfigurationList;
			buildConfigurations = (
				1EEA4E3E1DE17DF4000D1EDB /* Debug */,
				1EEA4E3F1DE17DF4000D1EDB /* Release */,
			);
			defaultConfigurationIsVisible = 0;
			defaultConfigurationName = Release;
		};
		1EEA4E401DE17DF4000D1EDB /* Build configuration list for PBXNativeTarget "operekoUITests" */ = {
			isa = XCConfigurationList;
			buildConfigurations = (
				1EEA4E411DE17DF4000D1EDB /* Debug */,
				1EEA4E421DE17DF4000D1EDB /* Release */,
			);
			defaultConfigurationIsVisible = 0;
			defaultConfigurationName = Release;
		};
/* End XCConfigurationList section */

/* Begin XCVersionGroup section */
		1E1EF5F91E06548D00765F87 /* Model.xcdatamodeld */ = {
			isa = XCVersionGroup;
			children = (
				1E1EF5FA1E06548D00765F87 /* Model.xcdatamodel */,
			);
			currentVersion = 1E1EF5FA1E06548D00765F87 /* Model.xcdatamodel */;
			path = Model.xcdatamodeld;
			sourceTree = "<group>";
			versionGroupType = wrapper.xcdatamodel;
		};
/* End XCVersionGroup section */
	};
	rootObject = 1EEA4E0A1DE17DF4000D1EDB /* Project object */;
}
